
Microsoft Visual Studio Solution File, Format Version 12.00
# Visual Studio 14
VisualStudioVersion = 14.0.25420.1
MinimumVisualStudioVersion = 10.0.40219.1
Project("{FAE04EC0-301F-11D3-BF4B-00C04F79EFBC}") = "Fanzin.Entities", "Fanzin.Entities\Fanzin.Entities.csproj", "{184C10F0-1E55-4741-843E-9128946167A4}"
EndProject
Project("{FAE04EC0-301F-11D3-BF4B-00C04F79EFBC}") = "Fanzin.Web", "Fanzin.Web\Fanzin.Web.csproj", "{71584933-E4A1-4491-B794-DF3E79CE418E}"
EndProject
Global
	GlobalSection(SolutionConfigurationPlatforms) = preSolution
		Debug|Any CPU = Debug|Any CPU
		Release|Any CPU = Release|Any CPU
	EndGlobalSection
	GlobalSection(ProjectConfigurationPlatforms) = postSolution
		{184C10F0-1E55-4741-843E-9128946167A4}.Debug|Any CPU.ActiveCfg = Debug|Any CPU
		{184C10F0-1E55-4741-843E-9128946167A4}.Debug|Any CPU.Build.0 = Debug|Any CPU
		{184C10F0-1E55-4741-843E-9128946167A4}.Release|Any CPU.ActiveCfg = Release|Any CPU
		{184C10F0-1E55-4741-843E-9128946167A4}.Release|Any CPU.Build.0 = Release|Any CPU
		{71584933-E4A1-4491-B794-DF3E79CE418E}.Debug|Any CPU.ActiveCfg = Debug|Any CPU
		{71584933-E4A1-4491-B794-DF3E79CE418E}.Debug|Any CPU.Build.0 = Debug|Any CPU
		{71584933-E4A1-4491-B794-DF3E79CE418E}.Release|Any CPU.ActiveCfg = Release|Any CPU
		{71584933-E4A1-4491-B794-DF3E79CE418E}.Release|Any CPU.Build.0 = Release|Any CPU
	EndGlobalSection
	GlobalSection(SolutionProperties) = preSolution
		HideSolutionNode = FALSE
	EndGlobalSection
EndGlobal
